
Microsoft Visual Studio Solution File, Format Version 12.00
# Visual Studio Version 17
VisualStudioVersion = 17.11.35327.3
MinimumVisualStudioVersion = 10.0.40219.1
Project("{FAE04EC0-301F-11D3-BF4B-00C04F79EFBC}") = "Ex006", "Ex006.csproj", "{07419269-27FE-4FD5-98D8-5EA6770C2015}"
EndProject
Global
	GlobalSection(SolutionConfigurationPlatforms) = preSolution
		Debug|Any CPU = Debug|Any CPU
		Release|Any CPU = Release|Any CPU
	EndGlobalSection
	GlobalSection(ProjectConfigurationPlatforms) = postSolution
		{07419269-27FE-4FD5-98D8-5EA6770C2015}.Debug|Any CPU.ActiveCfg = Debug|Any CPU
		{07419269-27FE-4FD5-98D8-5EA6770C2015}.Debug|Any CPU.Build.0 = Debug|Any CPU
		{07419269-27FE-4FD5-98D8-5EA6770C2015}.Release|Any CPU.ActiveCfg = Release|Any CPU
		{07419269-27FE-4FD5-98D8-5EA6770C2015}.Release|Any CPU.Build.0 = Release|Any CPU
	EndGlobalSection
	GlobalSection(SolutionProperties) = preSolution
		HideSolutionNode = FALSE
	EndGlobalSection
	GlobalSection(ExtensibilityGlobals) = postSolution
		SolutionGuid = {5BFDA61B-9318-4AF3-8D01-F6F3FCB8FA13}
	EndGlobalSection
EndGlobal
