
Microsoft Visual Studio Solution File, Format Version 12.00
# Visual Studio Version 17
VisualStudioVersion = 17.11.35327.3
MinimumVisualStudioVersion = 10.0.40219.1
Project("{FAE04EC0-301F-11D3-BF4B-00C04F79EFBC}") = "Impressao", "Impressao.csproj", "{4901E060-729B-4F5E-BCFE-B5839CA1FDA7}"
EndProject
Global
	GlobalSection(SolutionConfigurationPlatforms) = preSolution
		Debug|Any CPU = Debug|Any CPU
		Release|Any CPU = Release|Any CPU
	EndGlobalSection
	GlobalSection(ProjectConfigurationPlatforms) = postSolution
		{4901E060-729B-4F5E-BCFE-B5839CA1FDA7}.Debug|Any CPU.ActiveCfg = Debug|Any CPU
		{4901E060-729B-4F5E-BCFE-B5839CA1FDA7}.Debug|Any CPU.Build.0 = Debug|Any CPU
		{4901E060-729B-4F5E-BCFE-B5839CA1FDA7}.Release|Any CPU.ActiveCfg = Release|Any CPU
		{4901E060-729B-4F5E-BCFE-B5839CA1FDA7}.Release|Any CPU.Build.0 = Release|Any CPU
	EndGlobalSection
	GlobalSection(SolutionProperties) = preSolution
		HideSolutionNode = FALSE
	EndGlobalSection
	GlobalSection(ExtensibilityGlobals) = postSolution
		SolutionGuid = {284AE917-43E7-48B4-B2F1-735FE0ACE435}
	EndGlobalSection
EndGlobal
